
Microsoft Visual Studio Solution File, Format Version 12.00
# Visual Studio Version 16
VisualStudioVersion = 16.0.30517.126
MinimumVisualStudioVersion = 10.0.40219.1
Project("{FAE04EC0-301F-11D3-BF4B-00C04F79EFBC}") = "FormMatrizMultidimensionalG3", "FormMatrizMultidimensionalG3.csproj", "{90EC6D59-84A5-4991-8643-4AF01FD9335E}"
EndProject
Global
	GlobalSection(SolutionConfigurationPlatforms) = preSolution
		Debug|Any CPU = Debug|Any CPU
		Release|Any CPU = Release|Any CPU
	EndGlobalSection
	GlobalSection(ProjectConfigurationPlatforms) = postSolution
		{90EC6D59-84A5-4991-8643-4AF01FD9335E}.Debug|Any CPU.ActiveCfg = Debug|Any CPU
		{90EC6D59-84A5-4991-8643-4AF01FD9335E}.Debug|Any CPU.Build.0 = Debug|Any CPU
		{90EC6D59-84A5-4991-8643-4AF01FD9335E}.Release|Any CPU.ActiveCfg = Release|Any CPU
		{90EC6D59-84A5-4991-8643-4AF01FD9335E}.Release|Any CPU.Build.0 = Release|Any CPU
	EndGlobalSection
	GlobalSection(SolutionProperties) = preSolution
		HideSolutionNode = FALSE
	EndGlobalSection
	GlobalSection(ExtensibilityGlobals) = postSolution
		SolutionGuid = {88D71020-0393-4145-A326-CF8A1737F216}
	EndGlobalSection
EndGlobal
